
Microsoft Visual Studio Solution File, Format Version 12.00
# Visual Studio Version 16
VisualStudioVersion = 16.0.31019.35
MinimumVisualStudioVersion = 10.0.40219.1
Project("{FAE04EC0-301F-11D3-BF4B-00C04F79EFBC}") = "RecapDemo", "RecapDemo\RecapDemo.csproj", "{B53497EF-5BB2-4EDF-A543-E387678DC89B}"
EndProject
Global
	GlobalSection(SolutionConfigurationPlatforms) = preSolution
		Debug|Any CPU = Debug|Any CPU
		Release|Any CPU = Release|Any CPU
	EndGlobalSection
	GlobalSection(ProjectConfigurationPlatforms) = postSolution
		{B53497EF-5BB2-4EDF-A543-E387678DC89B}.Debug|Any CPU.ActiveCfg = Debug|Any CPU
		{B53497EF-5BB2-4EDF-A543-E387678DC89B}.Debug|Any CPU.Build.0 = Debug|Any CPU
		{B53497EF-5BB2-4EDF-A543-E387678DC89B}.Release|Any CPU.ActiveCfg = Release|Any CPU
		{B53497EF-5BB2-4EDF-A543-E387678DC89B}.Release|Any CPU.Build.0 = Release|Any CPU
	EndGlobalSection
	GlobalSection(SolutionProperties) = preSolution
		HideSolutionNode = FALSE
	EndGlobalSection
	GlobalSection(ExtensibilityGlobals) = postSolution
		SolutionGuid = {D94FE9E1-7740-4A62-BE0E-9B656B196017}
	EndGlobalSection
EndGlobal
